PODS:
  - DBEnginer (0.2.5):
    - Unrealm (~> 1.9.5)
  - Realm (10.50.1):
    - Realm/Headers (= 10.50.1)
  - Realm/Headers (10.50.1)
  - RealmSwift (10.50.1):
    - Realm (= 10.50.1)
  - Runtime (2.2.6)
  - Unrealm (1.9.5):
    - Realm
    - RealmSwift
    - Runtime

DEPENDENCIES:
  - DBEnginer (from `../`)
  - Unrealm (~> 1.9.5)

SPEC REPOS:
  trunk:
    - Realm
    - RealmSwift
    - Runtime
    - Unrealm

EXTERNAL SOURCES:
  DBEnginer:
    :path: "../"

SPEC CHECKSUMS:
  DBEnginer: c630e0e0e1e0de1c073484a4faf9e45677f1709f
  Realm: 36bc9fe2681d7cf234aa487e7990821c772206a2
  RealmSwift: 84a370d3d4f191d327a9f8ade1f064a274f79847
  Runtime: 47bca2e51d46da53fbb9e09d012425b7c90aa99b
  Unrealm: 78b89e8d57eee8a36ee91dbde14534ff274e8cfa

PODFILE CHECKSUM: 020dcfedadd92e0d27ccc09fc9139b1268cee343

COCOAPODS: 1.15.2
