PODS:
  - DBEnginer (0.2.2):
    - Unrealm
  - Realm (10.7.4):
    - Realm/Headers (= 10.7.4)
  - Realm/Headers (10.7.4)
  - RealmSwift (10.7.4):
    - Realm (= 10.7.4)
  - RuntimeNew (2.1.5)
  - Unrealm (1.9.1):
    - Realm (= 10.7.4)
    - RealmSwift (= 10.7.4)
    - RuntimeNew (= 2.1.5)

DEPENDENCIES:
  - DBEnginer (from `../`)
  - Unrealm

SPEC REPOS:
  trunk:
    - Realm
    - RealmSwift
    - RuntimeNew
    - Unrealm

EXTERNAL SOURCES:
  DBEnginer:
    :path: "../"

SPEC CHECKSUMS:
  DBEnginer: f85a70bf6483b4c5503dcd6332aa051a0a07bbb4
  Realm: f08ce1a85649a41303ecfe1cbd914c62e9e6d710
  RealmSwift: 60ec49d165f23d040ab48811d8dd177e09baf4d3
  RuntimeNew: ef34cf1783be4c1cbe798970bc590924dab5df87
  Unrealm: 19c020f6a4345718f4009926e6d75173a2236956

PODFILE CHECKSUM: 8d42d914b213589c4e3f265fcbe63f69f586811c

COCOAPODS: 1.15.2
